
Microsoft Visual Studio Solution File, Format Version 12.00
# Visual Studio Version 16
VisualStudioVersion = 16.0.30413.136
MinimumVisualStudioVersion = 10.0.40219.1
Project("{FAE04EC0-301F-11D3-BF4B-00C04F79EFBC}") = "FoodOrderingApp", "FoodOrderingApp\FoodOrderingApp.csproj", "{F2703372-7759-479D-9DC4-A760EA573B69}"
EndProject
Global
	GlobalSection(SolutionConfigurationPlatforms) = preSolution
		Debug|Any CPU = Debug|Any CPU
		Release|Any CPU = Release|Any CPU
	EndGlobalSection
	GlobalSection(ProjectConfigurationPlatforms) = postSolution
		{F2703372-7759-479D-9DC4-A760EA573B69}.Debug|Any CPU.ActiveCfg = Debug|Any CPU
		{F2703372-7759-479D-9DC4-A760EA573B69}.Debug|Any CPU.Build.0 = Debug|Any CPU
		{F2703372-7759-479D-9DC4-A760EA573B69}.Release|Any CPU.ActiveCfg = Release|Any CPU
		{F2703372-7759-479D-9DC4-A760EA573B69}.Release|Any CPU.Build.0 = Release|Any CPU
	EndGlobalSection
	GlobalSection(SolutionProperties) = preSolution
		HideSolutionNode = FALSE
	EndGlobalSection
	GlobalSection(ExtensibilityGlobals) = postSolution
		SolutionGuid = {ADE29855-BD2E-4196-9D3D-42660E6B4E4D}
	EndGlobalSection
EndGlobal
